PODS:
  - Flutter (1.0.0)
  - yc_video_player (0.0.1):
    - Flutter

DEPENDENCIES:
  - Flutter (from `Flutter`)
  - yc_video_player (from `.symlinks/plugins/yc_video_player/ios`)

EXTERNAL SOURCES:
  Flutter:
    :path: Flutter
  yc_video_player:
    :path: ".symlinks/plugins/yc_video_player/ios"

SPEC CHECKSUMS:
  Flutter: 50d75fe2f02b26cc09d224853bb45737f8b3214a
  yc_video_player: dfa327f690bf2ee40bb96128b4eb03a0ac8c88fa

PODFILE CHECKSUM: 8e679eca47255a8ca8067c4c67aab20e64cb974d

COCOAPODS: 1.11.2
